
Microsoft Visual Studio Solution File, Format Version 12.00
# Visual Studio Version 17
VisualStudioVersion = 17.14.36414.22 d17.14
MinimumVisualStudioVersion = 10.0.40219.1
Project("{FAE04EC0-301F-11D3-BF4B-00C04F79EFBC}") = "MediTrack.Api", "MediTrack.Api\MediTrack.Api.csproj", "{43707462-04F2-4CB9-93A3-4557F0FFB974}"
EndProject
Global
	GlobalSection(SolutionConfigurationPlatforms) = preSolution
		Debug|Any CPU = Debug|Any CPU
		Release|Any CPU = Release|Any CPU
	EndGlobalSection
	GlobalSection(ProjectConfigurationPlatforms) = postSolution
		{43707462-04F2-4CB9-93A3-4557F0FFB974}.Debug|Any CPU.ActiveCfg = Debug|Any CPU
		{43707462-04F2-4CB9-93A3-4557F0FFB974}.Debug|Any CPU.Build.0 = Debug|Any CPU
		{43707462-04F2-4CB9-93A3-4557F0FFB974}.Release|Any CPU.ActiveCfg = Release|Any CPU
		{43707462-04F2-4CB9-93A3-4557F0FFB974}.Release|Any CPU.Build.0 = Release|Any CPU
	EndGlobalSection
	GlobalSection(SolutionProperties) = preSolution
		HideSolutionNode = FALSE
	EndGlobalSection
	GlobalSection(ExtensibilityGlobals) = postSolution
		SolutionGuid = {7B483A48-3F9D-497D-BAE5-B0861815844D}
	EndGlobalSection
EndGlobal
